
Microsoft Visual Studio Solution File, Format Version 12.00
# Visual Studio Version 16
VisualStudioVersion = 16.0.32228.343
MinimumVisualStudioVersion = 10.0.40219.1
Project("{FAE04EC0-301F-11D3-BF4B-00C04F79EFBC}") = "OnlineAcademy", "OnlineAcademy\OnlineAcademy.csproj", "{39422283-ADD8-44CE-AA37-A1F65B83272B}"
EndProject
Project("{FAE04EC0-301F-11D3-BF4B-00C04F79EFBC}") = "AcademyDataLayer", "AcademyDataLayer\AcademyDataLayer.csproj", "{4A96E974-4622-41FF-AC30-02503A2E644D}"
EndProject
Project("{FAE04EC0-301F-11D3-BF4B-00C04F79EFBC}") = "Academy.Core", "Academy.Core\Academy.Core.csproj", "{687287DF-D57D-4509-8AEC-4B877E438415}"
EndProject
Global
	GlobalSection(SolutionConfigurationPlatforms) = preSolution
		Debug|Any CPU = Debug|Any CPU
		Release|Any CPU = Release|Any CPU
	EndGlobalSection
	GlobalSection(ProjectConfigurationPlatforms) = postSolution
		{39422283-ADD8-44CE-AA37-A1F65B83272B}.Debug|Any CPU.ActiveCfg = Debug|Any CPU
		{39422283-ADD8-44CE-AA37-A1F65B83272B}.Debug|Any CPU.Build.0 = Debug|Any CPU
		{39422283-ADD8-44CE-AA37-A1F65B83272B}.Release|Any CPU.ActiveCfg = Release|Any CPU
		{39422283-ADD8-44CE-AA37-A1F65B83272B}.Release|Any CPU.Build.0 = Release|Any CPU
		{4A96E974-4622-41FF-AC30-02503A2E644D}.Debug|Any CPU.ActiveCfg = Debug|Any CPU
		{4A96E974-4622-41FF-AC30-02503A2E644D}.Debug|Any CPU.Build.0 = Debug|Any CPU
		{4A96E974-4622-41FF-AC30-02503A2E644D}.Release|Any CPU.ActiveCfg = Release|Any CPU
		{4A96E974-4622-41FF-AC30-02503A2E644D}.Release|Any CPU.Build.0 = Release|Any CPU
		{687287DF-D57D-4509-8AEC-4B877E438415}.Debug|Any CPU.ActiveCfg = Debug|Any CPU
		{687287DF-D57D-4509-8AEC-4B877E438415}.Debug|Any CPU.Build.0 = Debug|Any CPU
		{687287DF-D57D-4509-8AEC-4B877E438415}.Release|Any CPU.ActiveCfg = Release|Any CPU
		{687287DF-D57D-4509-8AEC-4B877E438415}.Release|Any CPU.Build.0 = Release|Any CPU
	EndGlobalSection
	GlobalSection(SolutionProperties) = preSolution
		HideSolutionNode = FALSE
	EndGlobalSection
	GlobalSection(ExtensibilityGlobals) = postSolution
		SolutionGuid = {8B90FD0C-2F4F-4F68-8761-85FD07C46B99}
	EndGlobalSection
EndGlobal
